
Microsoft Visual Studio Solution File, Format Version 12.00
# Visual Studio Version 17
VisualStudioVersion = 17.8.34525.116
MinimumVisualStudioVersion = 10.0.40219.1
Project("{FAE04EC0-301F-11D3-BF4B-00C04F79EFBC}") = "databaseApp", "databaseApp\databaseApp.csproj", "{5D89E6A4-A7CD-46EA-B25C-E4FBEE15523D}"
EndProject
Global
	GlobalSection(SolutionConfigurationPlatforms) = preSolution
		Debug|Any CPU = Debug|Any CPU
		Release|Any CPU = Release|Any CPU
	EndGlobalSection
	GlobalSection(ProjectConfigurationPlatforms) = postSolution
		{5D89E6A4-A7CD-46EA-B25C-E4FBEE15523D}.Debug|Any CPU.ActiveCfg = Debug|Any CPU
		{5D89E6A4-A7CD-46EA-B25C-E4FBEE15523D}.Debug|Any CPU.Build.0 = Debug|Any CPU
		{5D89E6A4-A7CD-46EA-B25C-E4FBEE15523D}.Release|Any CPU.ActiveCfg = Release|Any CPU
		{5D89E6A4-A7CD-46EA-B25C-E4FBEE15523D}.Release|Any CPU.Build.0 = Release|Any CPU
	EndGlobalSection
	GlobalSection(SolutionProperties) = preSolution
		HideSolutionNode = FALSE
	EndGlobalSection
	GlobalSection(ExtensibilityGlobals) = postSolution
		SolutionGuid = {C160ED19-41A5-4204-AE4E-5BD3BC65487F}
	EndGlobalSection
EndGlobal
