
Microsoft Visual Studio Solution File, Format Version 12.00
# Visual Studio Version 17
VisualStudioVersion = 17.8.34322.80
MinimumVisualStudioVersion = 10.0.40219.1
Project("{FAE04EC0-301F-11D3-BF4B-00C04F79EFBC}") = "lab6", "lab6\lab6.csproj", "{B676A8D7-AF24-46C5-8317-90F1D39EDD2C}"
EndProject
Global
	GlobalSection(SolutionConfigurationPlatforms) = preSolution
		Debug|Any CPU = Debug|Any CPU
		Release|Any CPU = Release|Any CPU
	EndGlobalSection
	GlobalSection(ProjectConfigurationPlatforms) = postSolution
		{B676A8D7-AF24-46C5-8317-90F1D39EDD2C}.Debug|Any CPU.ActiveCfg = Debug|Any CPU
		{B676A8D7-AF24-46C5-8317-90F1D39EDD2C}.Debug|Any CPU.Build.0 = Debug|Any CPU
		{B676A8D7-AF24-46C5-8317-90F1D39EDD2C}.Release|Any CPU.ActiveCfg = Release|Any CPU
		{B676A8D7-AF24-46C5-8317-90F1D39EDD2C}.Release|Any CPU.Build.0 = Release|Any CPU
	EndGlobalSection
	GlobalSection(SolutionProperties) = preSolution
		HideSolutionNode = FALSE
	EndGlobalSection
	GlobalSection(ExtensibilityGlobals) = postSolution
		SolutionGuid = {DB342335-70E4-4CE7-9874-59CCA9407051}
	EndGlobalSection
EndGlobal
